{
  "name": "cljc-fsrs-issue-1",
  "lockfileVersion": 3,
  "requires": true,
  "packages": {
    "": {
      "devDependencies": {
        "@js-joda/core": "^5.6.5"
      }
    },
    "node_modules/@js-joda/core": {
      "version": "5.7.0",
      "resolved": "https://registry.npmjs.org/@js-joda/core/-/core-5.7.0.tgz",
      "integrity": "sha512-WBu4ULVVxySLLzK1Ppq+OdfP+adRS4ntmDQT915rzDJ++i95gc2jZkM5B6LWEAwN3lGXpfie3yPABozdD3K3Vg==",
      "dev": true,
      "license": "BSD-3-Clause"
    }
  }
}
